
Microsoft Visual Studio Solution File, Format Version 12.00
# Visual Studio Version 17
VisualStudioVersion = 17.11.35327.3
MinimumVisualStudioVersion = 10.0.40219.1
Project("{9A19103F-16F7-4668-BE54-9A1E7A4F7556}") = "eMashineManager.Data", "eMashineManager.Data.csproj", "{B7635EAA-23B3-4E4D-B38C-E9215F1523AB}"
EndProject
Global
	GlobalSection(SolutionConfigurationPlatforms) = preSolution
		Debug|Any CPU = Debug|Any CPU
		Release|Any CPU = Release|Any CPU
	EndGlobalSection
	GlobalSection(ProjectConfigurationPlatforms) = postSolution
		{B7635EAA-23B3-4E4D-B38C-E9215F1523AB}.Debug|Any CPU.ActiveCfg = Debug|Any CPU
		{B7635EAA-23B3-4E4D-B38C-E9215F1523AB}.Debug|Any CPU.Build.0 = Debug|Any CPU
		{B7635EAA-23B3-4E4D-B38C-E9215F1523AB}.Release|Any CPU.ActiveCfg = Release|Any CPU
		{B7635EAA-23B3-4E4D-B38C-E9215F1523AB}.Release|Any CPU.Build.0 = Release|Any CPU
	EndGlobalSection
	GlobalSection(SolutionProperties) = preSolution
		HideSolutionNode = FALSE
	EndGlobalSection
	GlobalSection(ExtensibilityGlobals) = postSolution
		SolutionGuid = {8E1A1654-D5CE-4F1E-9E71-A3BB08686774}
	EndGlobalSection
EndGlobal
